
Microsoft Visual Studio Solution File, Format Version 12.00
# Visual Studio Version 16
VisualStudioVersion = 16.0.31005.135
MinimumVisualStudioVersion = 10.0.40219.1
Project("{FAE04EC0-301F-11D3-BF4B-00C04F79EFBC}") = "Bakkal", "Bakkal\Bakkal.csproj", "{10FFAB0E-CBE5-40A1-BE92-A397FAE4EBF8}"
EndProject
Global
	GlobalSection(SolutionConfigurationPlatforms) = preSolution
		Debug|Any CPU = Debug|Any CPU
		Release|Any CPU = Release|Any CPU
	EndGlobalSection
	GlobalSection(ProjectConfigurationPlatforms) = postSolution
		{10FFAB0E-CBE5-40A1-BE92-A397FAE4EBF8}.Debug|Any CPU.ActiveCfg = Debug|Any CPU
		{10FFAB0E-CBE5-40A1-BE92-A397FAE4EBF8}.Debug|Any CPU.Build.0 = Debug|Any CPU
		{10FFAB0E-CBE5-40A1-BE92-A397FAE4EBF8}.Release|Any CPU.ActiveCfg = Release|Any CPU
		{10FFAB0E-CBE5-40A1-BE92-A397FAE4EBF8}.Release|Any CPU.Build.0 = Release|Any CPU
	EndGlobalSection
	GlobalSection(SolutionProperties) = preSolution
		HideSolutionNode = FALSE
	EndGlobalSection
	GlobalSection(ExtensibilityGlobals) = postSolution
		SolutionGuid = {B659FCBA-8659-4759-A14E-28DE1A2DD340}
	EndGlobalSection
EndGlobal
